
Microsoft Visual Studio Solution File, Format Version 12.00
# Visual Studio Version 17
VisualStudioVersion = 17.0.31912.275
MinimumVisualStudioVersion = 10.0.40219.1
Project("{9A19103F-16F7-4668-BE54-9A1E7A4F7556}") = "WpfHelperClasses.Net6", "WpfHelperClasses.Net6\WpfHelperClasses.Net6.csproj", "{8273EBA8-FD12-494E-B494-A10C108DCDF6}"
EndProject
Project("{9A19103F-16F7-4668-BE54-9A1E7A4F7556}") = "WpfCustomControlLib.Net6", "WpfCustomControlLib.Net6\WpfCustomControlLib.Net6.csproj", "{F3F124E6-AE7F-4C8F-971F-B5C2446F4CF2}"
EndProject
Project("{9A19103F-16F7-4668-BE54-9A1E7A4F7556}") = "WpfUserControlLib.Net6", "WpfUserControlLib.Net6\WpfUserControlLib.Net6.csproj", "{140A9B0E-7410-44AC-AFC3-9F2F28D61346}"
EndProject
Project("{9A19103F-16F7-4668-BE54-9A1E7A4F7556}") = "LanguageFactory.Net", "..\SharedNetLibs\LanguageFactory\LanguageFactory.Net.csproj", "{10956027-FA99-4FB1-A7B3-2419C6048D73}"
EndProject
Project("{9A19103F-16F7-4668-BE54-9A1E7A4F7556}") = "LogUtils.Net", "..\SharedNetLibs\LogUtils.Net\LogUtils.Net.csproj", "{91F7F4D6-78B9-4307-B59F-F296AE1B5A50}"
EndProject
Project("{9A19103F-16F7-4668-BE54-9A1E7A4F7556}") = "VariousUtils.Net", "..\SharedNetLibs\VariousUtils\VariousUtils.Net.csproj", "{C16B4C05-320A-4120-A17B-640DCF08FC48}"
EndProject
Global
	GlobalSection(SolutionConfigurationPlatforms) = preSolution
		Debug|Any CPU = Debug|Any CPU
		Release|Any CPU = Release|Any CPU
	EndGlobalSection
	GlobalSection(ProjectConfigurationPlatforms) = postSolution
		{8273EBA8-FD12-494E-B494-A10C108DCDF6}.Debug|Any CPU.ActiveCfg = Debug|Any CPU
		{8273EBA8-FD12-494E-B494-A10C108DCDF6}.Debug|Any CPU.Build.0 = Debug|Any CPU
		{8273EBA8-FD12-494E-B494-A10C108DCDF6}.Release|Any CPU.ActiveCfg = Release|Any CPU
		{8273EBA8-FD12-494E-B494-A10C108DCDF6}.Release|Any CPU.Build.0 = Release|Any CPU
		{F3F124E6-AE7F-4C8F-971F-B5C2446F4CF2}.Debug|Any CPU.ActiveCfg = Debug|Any CPU
		{F3F124E6-AE7F-4C8F-971F-B5C2446F4CF2}.Debug|Any CPU.Build.0 = Debug|Any CPU
		{F3F124E6-AE7F-4C8F-971F-B5C2446F4CF2}.Release|Any CPU.ActiveCfg = Release|Any CPU
		{F3F124E6-AE7F-4C8F-971F-B5C2446F4CF2}.Release|Any CPU.Build.0 = Release|Any CPU
		{140A9B0E-7410-44AC-AFC3-9F2F28D61346}.Debug|Any CPU.ActiveCfg = Debug|Any CPU
		{140A9B0E-7410-44AC-AFC3-9F2F28D61346}.Debug|Any CPU.Build.0 = Debug|Any CPU
		{140A9B0E-7410-44AC-AFC3-9F2F28D61346}.Release|Any CPU.ActiveCfg = Release|Any CPU
		{140A9B0E-7410-44AC-AFC3-9F2F28D61346}.Release|Any CPU.Build.0 = Release|Any CPU
		{10956027-FA99-4FB1-A7B3-2419C6048D73}.Debug|Any CPU.ActiveCfg = Debug|Any CPU
		{10956027-FA99-4FB1-A7B3-2419C6048D73}.Debug|Any CPU.Build.0 = Debug|Any CPU
		{10956027-FA99-4FB1-A7B3-2419C6048D73}.Release|Any CPU.ActiveCfg = Release|Any CPU
		{10956027-FA99-4FB1-A7B3-2419C6048D73}.Release|Any CPU.Build.0 = Release|Any CPU
		{91F7F4D6-78B9-4307-B59F-F296AE1B5A50}.Debug|Any CPU.ActiveCfg = Debug|Any CPU
		{91F7F4D6-78B9-4307-B59F-F296AE1B5A50}.Debug|Any CPU.Build.0 = Debug|Any CPU
		{91F7F4D6-78B9-4307-B59F-F296AE1B5A50}.Release|Any CPU.ActiveCfg = Release|Any CPU
		{91F7F4D6-78B9-4307-B59F-F296AE1B5A50}.Release|Any CPU.Build.0 = Release|Any CPU
		{C16B4C05-320A-4120-A17B-640DCF08FC48}.Debug|Any CPU.ActiveCfg = Debug|Any CPU
		{C16B4C05-320A-4120-A17B-640DCF08FC48}.Debug|Any CPU.Build.0 = Debug|Any CPU
		{C16B4C05-320A-4120-A17B-640DCF08FC48}.Release|Any CPU.ActiveCfg = Release|Any CPU
		{C16B4C05-320A-4120-A17B-640DCF08FC48}.Release|Any CPU.Build.0 = Release|Any CPU
	EndGlobalSection
	GlobalSection(SolutionProperties) = preSolution
		HideSolutionNode = FALSE
	EndGlobalSection
	GlobalSection(ExtensibilityGlobals) = postSolution
		SolutionGuid = {28834F7D-0741-40DA-9BCF-D583DE5A0280}
	EndGlobalSection
EndGlobal
